// !$*UTF8*$!
{
	archiveVersion = 1;
	classes = {
	};
	objectVersion = 56;
	objects = {

/* Begin PBXBuildFile section */
		700D53DD2BF7A82D00CA77B3 /* Domain.h in Headers */ = {isa = PBXBuildFile; fileRef = 700D53DC2BF7A82D00CA77B3 /* Domain.h */; settings = {ATTRIBUTES = (Public, ); }; };
		700D53E62BF7A84C00CA77B3 /* Domain.framework in Frameworks */ = {isa = PBXBuildFile; fileRef = 700D53DA2BF7A82D00CA77B3 /* Domain.framework */; };
		700D53E72BF7A84C00CA77B3 /* Domain.framework in Embed Frameworks */ = {isa = PBXBuildFile; fileRef = 700D53DA2BF7A82D00CA77B3 /* Domain.framework */; settings = {ATTRIBUTES = (CodeSignOnCopy, RemoveHeadersOnCopy, ); }; };
		700D53EE2BF7A88C00CA77B3 /* AuthRepository.swift in Sources */ = {isa = PBXBuildFile; fileRef = 700D53ED2BF7A88C00CA77B3 /* AuthRepository.swift */; };
		700D53F52BF7AA5E00CA77B3 /* AuthViewController.swift in Sources */ = {isa = PBXBuildFile; fileRef = 700D53F42BF7AA5E00CA77B3 /* AuthViewController.swift */; };
		700D53F92BF7AE8300CA77B3 /* SnapKit in Frameworks */ = {isa = PBXBuildFile; productRef = 700D53F82BF7AE8300CA77B3 /* SnapKit */; };
		700FF7132BF85FB20014890A /* Kingfisher in Frameworks */ = {isa = PBXBuildFile; productRef = 700FF7122BF85FB20014890A /* Kingfisher */; };
		700FF71C2BF862CB0014890A /* MockData.h in Headers */ = {isa = PBXBuildFile; fileRef = 700FF71B2BF862CB0014890A /* MockData.h */; settings = {ATTRIBUTES = (Public, ); }; };
		700FF7202BF862D40014890A /* Domain.framework in Frameworks */ = {isa = PBXBuildFile; fileRef = 700D53DA2BF7A82D00CA77B3 /* Domain.framework */; };
		700FF7212BF862D40014890A /* Domain.framework in Embed Frameworks */ = {isa = PBXBuildFile; fileRef = 700D53DA2BF7A82D00CA77B3 /* Domain.framework */; settings = {ATTRIBUTES = (CodeSignOnCopy, RemoveHeadersOnCopy, ); }; };
		700FF7342BF8639D0014890A /* MockData.framework in Frameworks */ = {isa = PBXBuildFile; fileRef = 700FF7192BF862CB0014890A /* MockData.framework */; };
		700FF7352BF8639D0014890A /* MockData.framework in Embed Frameworks */ = {isa = PBXBuildFile; fileRef = 700FF7192BF862CB0014890A /* MockData.framework */; settings = {ATTRIBUTES = (CodeSignOnCopy, RemoveHeadersOnCopy, ); }; };
		700FF7392BF866000014890A /* Domain.framework in Frameworks */ = {isa = PBXBuildFile; fileRef = 700D53DA2BF7A82D00CA77B3 /* Domain.framework */; };
		700FF73A2BF866000014890A /* Domain.framework in Embed Frameworks */ = {isa = PBXBuildFile; fileRef = 700D53DA2BF7A82D00CA77B3 /* Domain.framework */; settings = {ATTRIBUTES = (CodeSignOnCopy, RemoveHeadersOnCopy, ); }; };
		700FF73E2BF86BDD0014890A /* TokenKeychainManager.swift in Sources */ = {isa = PBXBuildFile; fileRef = 700FF73D2BF86BDD0014890A /* TokenKeychainManager.swift */; };
		700FF7422BF872550014890A /* User.swift in Sources */ = {isa = PBXBuildFile; fileRef = 700FF7412BF872550014890A /* User.swift */; };
		700FF7452BF872B40014890A /* UserRepository.swift in Sources */ = {isa = PBXBuildFile; fileRef = 700FF7442BF872B40014890A /* UserRepository.swift */; };
		700FF7482BF872F70014890A /* SearchUserUsecase.swift in Sources */ = {isa = PBXBuildFile; fileRef = 700FF7472BF872F70014890A /* SearchUserUsecase.swift */; };
		700FF74B2BF8751F0014890A /* User.swift in Sources */ = {isa = PBXBuildFile; fileRef = 700FF74A2BF8751F0014890A /* User.swift */; };
		700FF74E2BF875DF0014890A /* UserRepositoryImpl.swift in Sources */ = {isa = PBXBuildFile; fileRef = 700FF74D2BF875DF0014890A /* UserRepositoryImpl.swift */; };
		700FF7502BF876070014890A /* SearchUserResponse.swift in Sources */ = {isa = PBXBuildFile; fileRef = 700FF74F2BF876070014890A /* SearchUserResponse.swift */; };
		700FF75B2BF8790F0014890A /* User.swift in Sources */ = {isa = PBXBuildFile; fileRef = 700FF75A2BF8790F0014890A /* User.swift */; };
		700FF75D2BF879B00014890A /* SearchUserViewModel.swift in Sources */ = {isa = PBXBuildFile; fileRef = 700FF75C2BF879B00014890A /* SearchUserViewModel.swift */; };
		700FF75F2BF87A310014890A /* SearchUsersMetadata.swift in Sources */ = {isa = PBXBuildFile; fileRef = 700FF75E2BF87A310014890A /* SearchUsersMetadata.swift */; };
		700FF7622BF87F810014890A /* SearchUserTextField.swift in Sources */ = {isa = PBXBuildFile; fileRef = 700FF7612BF87F810014890A /* SearchUserTextField.swift */; };
		700FF7652BF883BC0014890A /* RxCocoa in Frameworks */ = {isa = PBXBuildFile; productRef = 700FF7642BF883BC0014890A /* RxCocoa */; };
		700FF7672BF884350014890A /* RxSwift in Frameworks */ = {isa = PBXBuildFile; productRef = 700FF7662BF884350014890A /* RxSwift */; };
		700FF7692BF887750014890A /* SearchUserCell.swift in Sources */ = {isa = PBXBuildFile; fileRef = 700FF7682BF887750014890A /* SearchUserCell.swift */; };
		700FF76C2BF8A5100014890A /* LogoutUsecase.swift in Sources */ = {isa = PBXBuildFile; fileRef = 700FF76B2BF8A5100014890A /* LogoutUsecase.swift */; };
		700FF76E2BF8A5AC0014890A /* AuthRepositoryImpl.swift in Sources */ = {isa = PBXBuildFile; fileRef = 700FF76D2BF8A5AC0014890A /* AuthRepositoryImpl.swift */; };
		700FF76F2BF8A5B20014890A /* UserRepositoryImpl.swift in Sources */ = {isa = PBXBuildFile; fileRef = 700FF7572BF878920014890A /* UserRepositoryImpl.swift */; };
		700FF7702BF8A5B70014890A /* Users.swift in Sources */ = {isa = PBXBuildFile; fileRef = 700FF7542BF877700014890A /* Users.swift */; };
		70B718472BF792710095B9AD /* AppDelegate.swift in Sources */ = {isa = PBXBuildFile; fileRef = 70B718462BF792710095B9AD /* AppDelegate.swift */; };
		70B718492BF792710095B9AD /* SceneDelegate.swift in Sources */ = {isa = PBXBuildFile; fileRef = 70B718482BF792710095B9AD /* SceneDelegate.swift */; };
		70B7184B2BF792710095B9AD /* ViewController.swift in Sources */ = {isa = PBXBuildFile; fileRef = 70B7184A2BF792710095B9AD /* ViewController.swift */; };
		70B7184E2BF792710095B9AD /* Base in Resources */ = {isa = PBXBuildFile; fileRef = 70B7184D2BF792710095B9AD /* Base */; };
		70B718502BF792720095B9AD /* Assets.xcassets in Resources */ = {isa = PBXBuildFile; fileRef = 70B7184F2BF792720095B9AD /* Assets.xcassets */; };
		70B718532BF792720095B9AD /* Base in Resources */ = {isa = PBXBuildFile; fileRef = 70B718522BF792720095B9AD /* Base */; };
		70B718602BF793010095B9AD /* Presentation.h in Headers */ = {isa = PBXBuildFile; fileRef = 70B7185F2BF793010095B9AD /* Presentation.h */; settings = {ATTRIBUTES = (Public, ); }; };
		70B718632BF793010095B9AD /* Presentation.framework in Frameworks */ = {isa = PBXBuildFile; fileRef = 70B7185D2BF793010095B9AD /* Presentation.framework */; };
		70B718642BF793010095B9AD /* Presentation.framework in Embed Frameworks */ = {isa = PBXBuildFile; fileRef = 70B7185D2BF793010095B9AD /* Presentation.framework */; settings = {ATTRIBUTES = (CodeSignOnCopy, RemoveHeadersOnCopy, ); }; };
		70B7186A2BF793100095B9AD /* SearchUserViewController.swift in Sources */ = {isa = PBXBuildFile; fileRef = 70B718692BF793100095B9AD /* SearchUserViewController.swift */; };
		70B7187E2BF794050095B9AD /* Then in Frameworks */ = {isa = PBXBuildFile; productRef = 70B7187D2BF794050095B9AD /* Then */; };
		70B718932BF7A04E0095B9AD /* DataLayer.h in Headers */ = {isa = PBXBuildFile; fileRef = 70B718922BF7A04E0095B9AD /* DataLayer.h */; settings = {ATTRIBUTES = (Public, ); }; };
		70B718962BF7A04E0095B9AD /* DataLayer.framework in Frameworks */ = {isa = PBXBuildFile; fileRef = 70B718902BF7A04E0095B9AD /* DataLayer.framework */; };
		70B718972BF7A04E0095B9AD /* DataLayer.framework in Embed Frameworks */ = {isa = PBXBuildFile; fileRef = 70B718902BF7A04E0095B9AD /* DataLayer.framework */; settings = {ATTRIBUTES = (CodeSignOnCopy, RemoveHeadersOnCopy, ); }; };
		70B7189E2BF7A0C40095B9AD /* MoyaGithub.swift in Sources */ = {isa = PBXBuildFile; fileRef = 70B718892BF79E880095B9AD /* MoyaGithub.swift */; };
		70B7189F2BF7A0CA0095B9AD /* MoyaGithubAPI.swift in Sources */ = {isa = PBXBuildFile; fileRef = 70B718872BF799CE0095B9AD /* MoyaGithubAPI.swift */; };
		70B718A32BF7A0EF0095B9AD /* AuthRepositoryImpl.swift in Sources */ = {isa = PBXBuildFile; fileRef = 70B718A22BF7A0EF0095B9AD /* AuthRepositoryImpl.swift */; };
		70B718A62BF7A2DF0095B9AD /* Moya in Frameworks */ = {isa = PBXBuildFile; productRef = 70B718A52BF7A2DF0095B9AD /* Moya */; };
		70B718A92BF7A3810095B9AD /* Token.swift in Sources */ = {isa = PBXBuildFile; fileRef = 70B718A82BF7A3810095B9AD /* Token.swift */; };
/* End PBXBuildFile section */

/* Begin PBXContainerItemProxy section */
		700D53E82BF7A84C00CA77B3 /* PBXContainerItemProxy */ = {
			isa = PBXContainerItemProxy;
			containerPortal = 70B718212BF791CA0095B9AD /* Project object */;
			proxyType = 1;
			remoteGlobalIDString = 700D53D92BF7A82D00CA77B3;
			remoteInfo = Domain;
		};
		700FF7222BF862D40014890A /* PBXContainerItemProxy */ = {
			isa = PBXContainerItemProxy;
			containerPortal = 70B718212BF791CA0095B9AD /* Project object */;
			proxyType = 1;
			remoteGlobalIDString = 700D53D92BF7A82D00CA77B3;
			remoteInfo = Domain;
		};
		700FF7362BF8639D0014890A /* PBXContainerItemProxy */ = {
			isa = PBXContainerItemProxy;
			containerPortal = 70B718212BF791CA0095B9AD /* Project object */;
			proxyType = 1;
			remoteGlobalIDString = 700FF7182BF862CB0014890A;
			remoteInfo = MockData;
		};
		700FF73B2BF866000014890A /* PBXContainerItemProxy */ = {
			isa = PBXContainerItemProxy;
			containerPortal = 70B718212BF791CA0095B9AD /* Project object */;
			proxyType = 1;
			remoteGlobalIDString = 700D53D92BF7A82D00CA77B3;
			remoteInfo = Domain;
		};
		70B718612BF793010095B9AD /* PBXContainerItemProxy */ = {
			isa = PBXContainerItemProxy;
			containerPortal = 70B718212BF791CA0095B9AD /* Project object */;
			proxyType = 1;
			remoteGlobalIDString = 70B7185C2BF793010095B9AD;
			remoteInfo = Presentation;
		};
		70B718942BF7A04E0095B9AD /* PBXContainerItemProxy */ = {
			isa = PBXContainerItemProxy;
			containerPortal = 70B718212BF791CA0095B9AD /* Project object */;
			proxyType = 1;
			remoteGlobalIDString = 70B7188F2BF7A04E0095B9AD;
			remoteInfo = DataLayer;
		};
/* End PBXContainerItemProxy section */

/* Begin PBXCopyFilesBuildPhase section */
		700D53EA2BF7A84C00CA77B3 /* Embed Frameworks */ = {
			isa = PBXCopyFilesBuildPhase;
			buildActionMask = 2147483647;
			dstPath = "";
			dstSubfolderSpec = 10;
			files = (
				700D53E72BF7A84C00CA77B3 /* Domain.framework in Embed Frameworks */,
			);
			name = "Embed Frameworks";
			runOnlyForDeploymentPostprocessing = 0;
		};
		700FF7242BF862D40014890A /* Embed Frameworks */ = {
			isa = PBXCopyFilesBuildPhase;
			buildActionMask = 2147483647;
			dstPath = "";
			dstSubfolderSpec = 10;
			files = (
				700FF7212BF862D40014890A /* Domain.framework in Embed Frameworks */,
			);
			name = "Embed Frameworks";
			runOnlyForDeploymentPostprocessing = 0;
		};
		700FF7382BF8639D0014890A /* Embed Frameworks */ = {
			isa = PBXCopyFilesBuildPhase;
			buildActionMask = 2147483647;
			dstPath = "";
			dstSubfolderSpec = 10;
			files = (
				700FF7352BF8639D0014890A /* MockData.framework in Embed Frameworks */,
			);
			name = "Embed Frameworks";
			runOnlyForDeploymentPostprocessing = 0;
		};
		70B718682BF793010095B9AD /* Embed Frameworks */ = {
			isa = PBXCopyFilesBuildPhase;
			buildActionMask = 2147483647;
			dstPath = "";
			dstSubfolderSpec = 10;
			files = (
				700FF73A2BF866000014890A /* Domain.framework in Embed Frameworks */,
				70B718642BF793010095B9AD /* Presentation.framework in Embed Frameworks */,
				70B718972BF7A04E0095B9AD /* DataLayer.framework in Embed Frameworks */,
			);
			name = "Embed Frameworks";
			runOnlyForDeploymentPostprocessing = 0;
		};
/* End PBXCopyFilesBuildPhase section */

/* Begin PBXFileReference section */
		700D53DA2BF7A82D00CA77B3 /* Domain.framework */ = {isa = PBXFileReference; explicitFileType = wrapper.framework; includeInIndex = 0; path = Domain.framework; sourceTree = BUILT_PRODUCTS_DIR; };
		700D53DC2BF7A82D00CA77B3 /* Domain.h */ = {isa = PBXFileReference; lastKnownFileType = sourcecode.c.h; path = Domain.h; sourceTree = "<group>"; };
		700D53ED2BF7A88C00CA77B3 /* AuthRepository.swift */ = {isa = PBXFileReference; lastKnownFileType = sourcecode.swift; path = AuthRepository.swift; sourceTree = "<group>"; };
		700D53F42BF7AA5E00CA77B3 /* AuthViewController.swift */ = {isa = PBXFileReference; lastKnownFileType = sourcecode.swift; path = AuthViewController.swift; sourceTree = "<group>"; };
		700FF7192BF862CB0014890A /* MockData.framework */ = {isa = PBXFileReference; explicitFileType = wrapper.framework; includeInIndex = 0; path = MockData.framework; sourceTree = BUILT_PRODUCTS_DIR; };
		700FF71B2BF862CB0014890A /* MockData.h */ = {isa = PBXFileReference; lastKnownFileType = sourcecode.c.h; path = MockData.h; sourceTree = "<group>"; };
		700FF73D2BF86BDD0014890A /* TokenKeychainManager.swift */ = {isa = PBXFileReference; lastKnownFileType = sourcecode.swift; path = TokenKeychainManager.swift; sourceTree = "<group>"; };
		700FF7412BF872550014890A /* User.swift */ = {isa = PBXFileReference; lastKnownFileType = sourcecode.swift; path = User.swift; sourceTree = "<group>"; };
		700FF7442BF872B40014890A /* UserRepository.swift */ = {isa = PBXFileReference; lastKnownFileType = sourcecode.swift; path = UserRepository.swift; sourceTree = "<group>"; };
		700FF7472BF872F70014890A /* SearchUserUsecase.swift */ = {isa = PBXFileReference; lastKnownFileType = sourcecode.swift; path = SearchUserUsecase.swift; sourceTree = "<group>"; };
		700FF74A2BF8751F0014890A /* User.swift */ = {isa = PBXFileReference; lastKnownFileType = sourcecode.swift; path = User.swift; sourceTree = "<group>"; };
		700FF74D2BF875DF0014890A /* UserRepositoryImpl.swift */ = {isa = PBXFileReference; lastKnownFileType = sourcecode.swift; path = UserRepositoryImpl.swift; sourceTree = "<group>"; };
		700FF74F2BF876070014890A /* SearchUserResponse.swift */ = {isa = PBXFileReference; lastKnownFileType = sourcecode.swift; path = SearchUserResponse.swift; sourceTree = "<group>"; };
		700FF7542BF877700014890A /* Users.swift */ = {isa = PBXFileReference; lastKnownFileType = sourcecode.swift; path = Users.swift; sourceTree = "<group>"; };
		700FF7572BF878920014890A /* UserRepositoryImpl.swift */ = {isa = PBXFileReference; lastKnownFileType = sourcecode.swift; path = UserRepositoryImpl.swift; sourceTree = "<group>"; };
		700FF75A2BF8790F0014890A /* User.swift */ = {isa = PBXFileReference; lastKnownFileType = sourcecode.swift; path = User.swift; sourceTree = "<group>"; };
		700FF75C2BF879B00014890A /* SearchUserViewModel.swift */ = {isa = PBXFileReference; lastKnownFileType = sourcecode.swift; path = SearchUserViewModel.swift; sourceTree = "<group>"; };
		700FF75E2BF87A310014890A /* SearchUsersMetadata.swift */ = {isa = PBXFileReference; lastKnownFileType = sourcecode.swift; path = SearchUsersMetadata.swift; sourceTree = "<group>"; };
		700FF7612BF87F810014890A /* SearchUserTextField.swift */ = {isa = PBXFileReference; lastKnownFileType = sourcecode.swift; path = SearchUserTextField.swift; sourceTree = "<group>"; };
		700FF7682BF887750014890A /* SearchUserCell.swift */ = {isa = PBXFileReference; lastKnownFileType = sourcecode.swift; path = SearchUserCell.swift; sourceTree = "<group>"; };
		700FF76B2BF8A5100014890A /* LogoutUsecase.swift */ = {isa = PBXFileReference; lastKnownFileType = sourcecode.swift; path = LogoutUsecase.swift; sourceTree = "<group>"; };
		700FF76D2BF8A5AC0014890A /* AuthRepositoryImpl.swift */ = {isa = PBXFileReference; lastKnownFileType = sourcecode.swift; path = AuthRepositoryImpl.swift; sourceTree = "<group>"; };
		70B718442BF792710095B9AD /* Search App.app */ = {isa = PBXFileReference; explicitFileType = wrapper.application; includeInIndex = 0; path = "Search App.app"; sourceTree = BUILT_PRODUCTS_DIR; };
		70B718462BF792710095B9AD /* AppDelegate.swift */ = {isa = PBXFileReference; lastKnownFileType = sourcecode.swift; path = AppDelegate.swift; sourceTree = "<group>"; };
		70B718482BF792710095B9AD /* SceneDelegate.swift */ = {isa = PBXFileReference; lastKnownFileType = sourcecode.swift; path = SceneDelegate.swift; sourceTree = "<group>"; };
		70B7184A2BF792710095B9AD /* ViewController.swift */ = {isa = PBXFileReference; lastKnownFileType = sourcecode.swift; path = ViewController.swift; sourceTree = "<group>"; };
		70B7184D2BF792710095B9AD /* Base */ = {isa = PBXFileReference; lastKnownFileType = file.storyboard; name = Base; path = Base.lproj/Main.storyboard; sourceTree = "<group>"; };
		70B7184F2BF792720095B9AD /* Assets.xcassets */ = {isa = PBXFileReference; lastKnownFileType = folder.assetcatalog; path = Assets.xcassets; sourceTree = "<group>"; };
		70B718522BF792720095B9AD /* Base */ = {isa = PBXFileReference; lastKnownFileType = file.storyboard; name = Base; path = Base.lproj/LaunchScreen.storyboard; sourceTree = "<group>"; };
		70B718542BF792720095B9AD /* Info.plist */ = {isa = PBXFileReference; lastKnownFileType = text.plist.xml; path = Info.plist; sourceTree = "<group>"; };
		70B7185D2BF793010095B9AD /* Presentation.framework */ = {isa = PBXFileReference; explicitFileType = wrapper.framework; includeInIndex = 0; path = Presentation.framework; sourceTree = BUILT_PRODUCTS_DIR; };
		70B7185F2BF793010095B9AD /* Presentation.h */ = {isa = PBXFileReference; lastKnownFileType = sourcecode.c.h; path = Presentation.h; sourceTree = "<group>"; };
		70B718692BF793100095B9AD /* SearchUserViewController.swift */ = {isa = PBXFileReference; lastKnownFileType = sourcecode.swift; path = SearchUserViewController.swift; sourceTree = "<group>"; };
		70B718872BF799CE0095B9AD /* MoyaGithubAPI.swift */ = {isa = PBXFileReference; lastKnownFileType = sourcecode.swift; path = MoyaGithubAPI.swift; sourceTree = "<group>"; };
		70B718892BF79E880095B9AD /* MoyaGithub.swift */ = {isa = PBXFileReference; lastKnownFileType = sourcecode.swift; path = MoyaGithub.swift; sourceTree = "<group>"; };
		70B718902BF7A04E0095B9AD /* DataLayer.framework */ = {isa = PBXFileReference; explicitFileType = wrapper.framework; includeInIndex = 0; path = DataLayer.framework; sourceTree = BUILT_PRODUCTS_DIR; };
		70B718922BF7A04E0095B9AD /* DataLayer.h */ = {isa = PBXFileReference; lastKnownFileType = sourcecode.c.h; path = DataLayer.h; sourceTree = "<group>"; };
		70B718A22BF7A0EF0095B9AD /* AuthRepositoryImpl.swift */ = {isa = PBXFileReference; lastKnownFileType = sourcecode.swift; path = AuthRepositoryImpl.swift; sourceTree = "<group>"; };
		70B718A82BF7A3810095B9AD /* Token.swift */ = {isa = PBXFileReference; lastKnownFileType = sourcecode.swift; path = Token.swift; sourceTree = "<group>"; };
/* End PBXFileReference section */

/* Begin PBXFrameworksBuildPhase section */
		700D53D72BF7A82D00CA77B3 /* Frameworks */ = {
			isa = PBXFrameworksBuildPhase;
			buildActionMask = 2147483647;
			files = (
			);
			runOnlyForDeploymentPostprocessing = 0;
		};
		700FF7162BF862CB0014890A /* Frameworks */ = {
			isa = PBXFrameworksBuildPhase;
			buildActionMask = 2147483647;
			files = (
				700FF7202BF862D40014890A /* Domain.framework in Frameworks */,
			);
			runOnlyForDeploymentPostprocessing = 0;
		};
		70B718412BF792710095B9AD /* Frameworks */ = {
			isa = PBXFrameworksBuildPhase;
			buildActionMask = 2147483647;
			files = (
				700FF7392BF866000014890A /* Domain.framework in Frameworks */,
				70B718632BF793010095B9AD /* Presentation.framework in Frameworks */,
				70B718962BF7A04E0095B9AD /* DataLayer.framework in Frameworks */,
			);
			runOnlyForDeploymentPostprocessing = 0;
		};
		70B7185A2BF793010095B9AD /* Frameworks */ = {
			isa = PBXFrameworksBuildPhase;
			buildActionMask = 2147483647;
			files = (
				700FF7672BF884350014890A /* RxSwift in Frameworks */,
				700FF7132BF85FB20014890A /* Kingfisher in Frameworks */,
				700D53F92BF7AE8300CA77B3 /* SnapKit in Frameworks */,
				700FF7652BF883BC0014890A /* RxCocoa in Frameworks */,
				700FF7342BF8639D0014890A /* MockData.framework in Frameworks */,
				70B7187E2BF794050095B9AD /* Then in Frameworks */,
			);
			runOnlyForDeploymentPostprocessing = 0;
		};
		70B7188D2BF7A04E0095B9AD /* Frameworks */ = {
			isa = PBXFrameworksBuildPhase;
			buildActionMask = 2147483647;
			files = (
				700D53E62BF7A84C00CA77B3 /* Domain.framework in Frameworks */,
				70B718A62BF7A2DF0095B9AD /* Moya in Frameworks */,
			);
			runOnlyForDeploymentPostprocessing = 0;
		};
/* End PBXFrameworksBuildPhase section */

/* Begin PBXGroup section */
		700D53DB2BF7A82D00CA77B3 /* Domain */ = {
			isa = PBXGroup;
			children = (
				700D53DC2BF7A82D00CA77B3 /* Domain.h */,
				700D53EB2BF7A86A00CA77B3 /* Auth */,
				700FF73F2BF8724C0014890A /* User */,
			);
			path = Domain;
			sourceTree = "<group>";
		};
		700D53EB2BF7A86A00CA77B3 /* Auth */ = {
			isa = PBXGroup;
			children = (
				700D53EC2BF7A87100CA77B3 /* Repository */,
				7069CE122BF8FB3C004AAF26 /* Usecase */,
			);
			path = Auth;
			sourceTree = "<group>";
		};
		700D53EC2BF7A87100CA77B3 /* Repository */ = {
			isa = PBXGroup;
			children = (
				700D53ED2BF7A88C00CA77B3 /* AuthRepository.swift */,
			);
			path = Repository;
			sourceTree = "<group>";
		};
		700D53F22BF7AA5300CA77B3 /* Auth */ = {
			isa = PBXGroup;
			children = (
				700D53F32BF7AA5500CA77B3 /* View */,
			);
			path = Auth;
			sourceTree = "<group>";
		};
		700D53F32BF7AA5500CA77B3 /* View */ = {
			isa = PBXGroup;
			children = (
				700D53F42BF7AA5E00CA77B3 /* AuthViewController.swift */,
			);
			path = View;
			sourceTree = "<group>";
		};
		700D53F62BF7AA7E00CA77B3 /* User */ = {
			isa = PBXGroup;
			children = (
				700FF7592BF879040014890A /* Model */,
				70B7186B2BF793B10095B9AD /* View */,
			);
			path = User;
			sourceTree = "<group>";
		};
		700FF71A2BF862CB0014890A /* MockData */ = {
			isa = PBXGroup;
			children = (
				700FF71B2BF862CB0014890A /* MockData.h */,
				700FF7522BF877590014890A /* User */,
			);
			path = MockData;
			sourceTree = "<group>";
		};
		700FF73F2BF8724C0014890A /* User */ = {
			isa = PBXGroup;
			children = (
				700FF7402BF8724E0014890A /* Model */,
				700FF7432BF872860014890A /* Repository */,
				700FF7462BF872E90014890A /* Usecase */,
			);
			path = User;
			sourceTree = "<group>";
		};
		700FF7402BF8724E0014890A /* Model */ = {
			isa = PBXGroup;
			children = (
				700FF7412BF872550014890A /* User.swift */,
			);
			path = Model;
			sourceTree = "<group>";
		};
		700FF7432BF872860014890A /* Repository */ = {
			isa = PBXGroup;
			children = (
				700FF7442BF872B40014890A /* UserRepository.swift */,
			);
			path = Repository;
			sourceTree = "<group>";
		};
		700FF7462BF872E90014890A /* Usecase */ = {
			isa = PBXGroup;
			children = (
				700FF7472BF872F70014890A /* SearchUserUsecase.swift */,
			);
			path = Usecase;
			sourceTree = "<group>";
		};
		700FF7492BF875120014890A /* Model */ = {
			isa = PBXGroup;
			children = (
				700FF74F2BF876070014890A /* SearchUserResponse.swift */,
				700FF74A2BF8751F0014890A /* User.swift */,
			);
			path = Model;
			sourceTree = "<group>";
		};
		700FF74C2BF875C50014890A /* Repository */ = {
			isa = PBXGroup;
			children = (
				700FF74D2BF875DF0014890A /* UserRepositoryImpl.swift */,
			);
			path = Repository;
			sourceTree = "<group>";
		};
		700FF7522BF877590014890A /* User */ = {
			isa = PBXGroup;
			children = (
				700FF7532BF877660014890A /* Data */,
				700FF7562BF878870014890A /* Repository */,
			);
			path = User;
			sourceTree = "<group>";
		};
		700FF7532BF877660014890A /* Data */ = {
			isa = PBXGroup;
			children = (
				700FF7542BF877700014890A /* Users.swift */,
			);
			path = Data;
			sourceTree = "<group>";
		};
		700FF7562BF878870014890A /* Repository */ = {
			isa = PBXGroup;
			children = (
				700FF76D2BF8A5AC0014890A /* AuthRepositoryImpl.swift */,
				700FF7572BF878920014890A /* UserRepositoryImpl.swift */,
			);
			path = Repository;
			sourceTree = "<group>";
		};
		700FF7592BF879040014890A /* Model */ = {
			isa = PBXGroup;
			children = (
				700FF75E2BF87A310014890A /* SearchUsersMetadata.swift */,
				700FF75A2BF8790F0014890A /* User.swift */,
			);
			path = Model;
			sourceTree = "<group>";
		};
		7069CE122BF8FB3C004AAF26 /* Usecase */ = {
			isa = PBXGroup;
			children = (
				700FF76B2BF8A5100014890A /* LogoutUsecase.swift */,
			);
			path = Usecase;
			sourceTree = "<group>";
		};
		70B718202BF791CA0095B9AD = {
			isa = PBXGroup;
			children = (
				70B718452BF792710095B9AD /* App */,
				70B718912BF7A04E0095B9AD /* DataLayer */,
				700D53DB2BF7A82D00CA77B3 /* Domain */,
				70B7185E2BF793010095B9AD /* Presentation */,
				70B7182A2BF791CA0095B9AD /* Products */,
			);
			sourceTree = "<group>";
		};
		70B7182A2BF791CA0095B9AD /* Products */ = {
			isa = PBXGroup;
			children = (
				70B718442BF792710095B9AD /* Search App.app */,
				70B7185D2BF793010095B9AD /* Presentation.framework */,
				70B718902BF7A04E0095B9AD /* DataLayer.framework */,
				700D53DA2BF7A82D00CA77B3 /* Domain.framework */,
				700FF7192BF862CB0014890A /* MockData.framework */,
			);
			name = Products;
			sourceTree = "<group>";
		};
		70B718452BF792710095B9AD /* App */ = {
			isa = PBXGroup;
			children = (
				70B718542BF792720095B9AD /* Info.plist */,
				70B718462BF792710095B9AD /* AppDelegate.swift */,
				70B718482BF792710095B9AD /* SceneDelegate.swift */,
				70B7184A2BF792710095B9AD /* ViewController.swift */,
				70B7184F2BF792720095B9AD /* Assets.xcassets */,
				70B718512BF792720095B9AD /* LaunchScreen.storyboard */,
				70B7184C2BF792710095B9AD /* Main.storyboard */,
			);
			path = App;
			sourceTree = "<group>";
		};
		70B7185E2BF793010095B9AD /* Presentation */ = {
			isa = PBXGroup;
			children = (
				70B7185F2BF793010095B9AD /* Presentation.h */,
				700D53F22BF7AA5300CA77B3 /* Auth */,
				700FF71A2BF862CB0014890A /* MockData */,
				700D53F62BF7AA7E00CA77B3 /* User */,
			);
			path = Presentation;
			sourceTree = "<group>";
		};
		70B7186B2BF793B10095B9AD /* View */ = {
			isa = PBXGroup;
			children = (
				700FF7682BF887750014890A /* SearchUserCell.swift */,
				700FF7612BF87F810014890A /* SearchUserTextField.swift */,
				70B718692BF793100095B9AD /* SearchUserViewController.swift */,
				700FF75C2BF879B00014890A /* SearchUserViewModel.swift */,
			);
			path = View;
			sourceTree = "<group>";
		};
		70B718862BF799A10095B9AD /* Util */ = {
			isa = PBXGroup;
			children = (
				70B718872BF799CE0095B9AD /* MoyaGithubAPI.swift */,
			);
			path = Util;
			sourceTree = "<group>";
		};
		70B718912BF7A04E0095B9AD /* DataLayer */ = {
			isa = PBXGroup;
			children = (
				70B718922BF7A04E0095B9AD /* DataLayer.h */,
				70B7189B2BF7A08A0095B9AD /* Auth */,
				70B7189C2BF7A08D0095B9AD /* User */,
			);
			path = DataLayer;
			sourceTree = "<group>";
		};
		70B7189B2BF7A08A0095B9AD /* Auth */ = {
			isa = PBXGroup;
			children = (
				70B718A72BF7A3780095B9AD /* Model */,
				70B718A12BF7A0E20095B9AD /* Repository */,
				70B7189D2BF7A0BA0095B9AD /* Util */,
			);
			path = Auth;
			sourceTree = "<group>";
		};
		70B7189C2BF7A08D0095B9AD /* User */ = {
			isa = PBXGroup;
			children = (
				700FF7492BF875120014890A /* Model */,
				700FF74C2BF875C50014890A /* Repository */,
				70B718862BF799A10095B9AD /* Util */,
			);
			path = User;
			sourceTree = "<group>";
		};
		70B7189D2BF7A0BA0095B9AD /* Util */ = {
			isa = PBXGroup;
			children = (
				70B718892BF79E880095B9AD /* MoyaGithub.swift */,
				700FF73D2BF86BDD0014890A /* TokenKeychainManager.swift */,
			);
			path = Util;
			sourceTree = "<group>";
		};
		70B718A12BF7A0E20095B9AD /* Repository */ = {
			isa = PBXGroup;
			children = (
				70B718A22BF7A0EF0095B9AD /* AuthRepositoryImpl.swift */,
			);
			path = Repository;
			sourceTree = "<group>";
		};
		70B718A72BF7A3780095B9AD /* Model */ = {
			isa = PBXGroup;
			children = (
				70B718A82BF7A3810095B9AD /* Token.swift */,
			);
			path = Model;
			sourceTree = "<group>";
		};
/* End PBXGroup section */

/* Begin PBXHeadersBuildPhase section */
		700D53D52BF7A82D00CA77B3 /* Headers */ = {
			isa = PBXHeadersBuildPhase;
			buildActionMask = 2147483647;
			files = (
				700D53DD2BF7A82D00CA77B3 /* Domain.h in Headers */,
			);
			runOnlyForDeploymentPostprocessing = 0;
		};
		700FF7142BF862CB0014890A /* Headers */ = {
			isa = PBXHeadersBuildPhase;
			buildActionMask = 2147483647;
			files = (
				700FF71C2BF862CB0014890A /* MockData.h in Headers */,
			);
			runOnlyForDeploymentPostprocessing = 0;
		};
		70B718582BF793010095B9AD /* Headers */ = {
			isa = PBXHeadersBuildPhase;
			buildActionMask = 2147483647;
			files = (
				70B718602BF793010095B9AD /* Presentation.h in Headers */,
			);
			runOnlyForDeploymentPostprocessing = 0;
		};
		70B7188B2BF7A04E0095B9AD /* Headers */ = {
			isa = PBXHeadersBuildPhase;
			buildActionMask = 2147483647;
			files = (
				70B718932BF7A04E0095B9AD /* DataLayer.h in Headers */,
			);
			runOnlyForDeploymentPostprocessing = 0;
		};
/* End PBXHeadersBuildPhase section */

/* Begin PBXNativeTarget section */
		700D53D92BF7A82D00CA77B3 /* Domain */ = {
			isa = PBXNativeTarget;
			buildConfigurationList = 700D53E02BF7A82D00CA77B3 /* Build configuration list for PBXNativeTarget "Domain" */;
			buildPhases = (
				700D53D52BF7A82D00CA77B3 /* Headers */,
				700D53D62BF7A82D00CA77B3 /* Sources */,
				700D53D72BF7A82D00CA77B3 /* Frameworks */,
				700D53D82BF7A82D00CA77B3 /* Resources */,
			);
			buildRules = (
			);
			dependencies = (
			);
			name = Domain;
			productName = Domain;
			productReference = 700D53DA2BF7A82D00CA77B3 /* Domain.framework */;
			productType = "com.apple.product-type.framework";
		};
		700FF7182BF862CB0014890A /* MockData */ = {
			isa = PBXNativeTarget;
			buildConfigurationList = 700FF71D2BF862CB0014890A /* Build configuration list for PBXNativeTarget "MockData" */;
			buildPhases = (
				700FF7142BF862CB0014890A /* Headers */,
				700FF7152BF862CB0014890A /* Sources */,
				700FF7162BF862CB0014890A /* Frameworks */,
				700FF7172BF862CB0014890A /* Resources */,
				700FF7242BF862D40014890A /* Embed Frameworks */,
			);
			buildRules = (
			);
			dependencies = (
				700FF7232BF862D40014890A /* PBXTargetDependency */,
			);
			name = MockData;
			productName = MockData;
			productReference = 700FF7192BF862CB0014890A /* MockData.framework */;
			productType = "com.apple.product-type.framework";
		};
		70B718432BF792710095B9AD /* App */ = {
			isa = PBXNativeTarget;
			buildConfigurationList = 70B718572BF792720095B9AD /* Build configuration list for PBXNativeTarget "App" */;
			buildPhases = (
				70B718402BF792710095B9AD /* Sources */,
				70B718412BF792710095B9AD /* Frameworks */,
				70B718422BF792710095B9AD /* Resources */,
				70B718682BF793010095B9AD /* Embed Frameworks */,
			);
			buildRules = (
			);
			dependencies = (
				70B718622BF793010095B9AD /* PBXTargetDependency */,
				70B718952BF7A04E0095B9AD /* PBXTargetDependency */,
				700FF73C2BF866000014890A /* PBXTargetDependency */,
			);
			name = App;
			productName = App;
			productReference = 70B718442BF792710095B9AD /* Search App.app */;
			productType = "com.apple.product-type.application";
		};
		70B7185C2BF793010095B9AD /* Presentation */ = {
			isa = PBXNativeTarget;
			buildConfigurationList = 70B718652BF793010095B9AD /* Build configuration list for PBXNativeTarget "Presentation" */;
			buildPhases = (
				70B718582BF793010095B9AD /* Headers */,
				70B718592BF793010095B9AD /* Sources */,
				70B7185A2BF793010095B9AD /* Frameworks */,
				70B7185B2BF793010095B9AD /* Resources */,
				700FF7382BF8639D0014890A /* Embed Frameworks */,
			);
			buildRules = (
			);
			dependencies = (
				700FF7372BF8639D0014890A /* PBXTargetDependency */,
			);
			name = Presentation;
			packageProductDependencies = (
				70B7187D2BF794050095B9AD /* Then */,
				700D53F82BF7AE8300CA77B3 /* SnapKit */,
				700FF7122BF85FB20014890A /* Kingfisher */,
				700FF7642BF883BC0014890A /* RxCocoa */,
				700FF7662BF884350014890A /* RxSwift */,
			);
			productName = Presentation;
			productReference = 70B7185D2BF793010095B9AD /* Presentation.framework */;
			productType = "com.apple.product-type.framework";
		};
		70B7188F2BF7A04E0095B9AD /* DataLayer */ = {
			isa = PBXNativeTarget;
			buildConfigurationList = 70B718982BF7A04E0095B9AD /* Build configuration list for PBXNativeTarget "DataLayer" */;
			buildPhases = (
				70B7188B2BF7A04E0095B9AD /* Headers */,
				70B7188C2BF7A04E0095B9AD /* Sources */,
				70B7188D2BF7A04E0095B9AD /* Frameworks */,
				70B7188E2BF7A04E0095B9AD /* Resources */,
				700D53EA2BF7A84C00CA77B3 /* Embed Frameworks */,
			);
			buildRules = (
			);
			dependencies = (
				700D53E92BF7A84C00CA77B3 /* PBXTargetDependency */,
			);
			name = DataLayer;
			packageProductDependencies = (
				70B718A52BF7A2DF0095B9AD /* Moya */,
			);
			productName = DataLayer;
			productReference = 70B718902BF7A04E0095B9AD /* DataLayer.framework */;
			productType = "com.apple.product-type.framework";
		};
/* End PBXNativeTarget section */

/* Begin PBXProject section */
		70B718212BF791CA0095B9AD /* Project object */ = {
			isa = PBXProject;
			attributes = {
				BuildIndependentTargetsInParallel = 1;
				LastSwiftUpdateCheck = 1530;
				LastUpgradeCheck = 1530;
				TargetAttributes = {
					700D53D92BF7A82D00CA77B3 = {
						CreatedOnToolsVersion = 15.3;
						LastSwiftMigration = 1530;
					};
					700FF7182BF862CB0014890A = {
						CreatedOnToolsVersion = 15.3;
						LastSwiftMigration = 1530;
					};
					70B718432BF792710095B9AD = {
						CreatedOnToolsVersion = 15.3;
					};
					70B7185C2BF793010095B9AD = {
						CreatedOnToolsVersion = 15.3;
						LastSwiftMigration = 1530;
					};
					70B7188F2BF7A04E0095B9AD = {
						CreatedOnToolsVersion = 15.3;
					};
				};
			};
			buildConfigurationList = 70B718242BF791CA0095B9AD /* Build configuration list for PBXProject "SearchUser" */;
			compatibilityVersion = "Xcode 14.0";
			developmentRegion = en;
			hasScannedForEncodings = 0;
			knownRegions = (
				en,
				Base,
			);
			mainGroup = 70B718202BF791CA0095B9AD;
			packageReferences = (
				70B7187C2BF794040095B9AD /* XCRemoteSwiftPackageReference "Then" */,
				70B7187F2BF7943D0095B9AD /* XCRemoteSwiftPackageReference "Moya" */,
				700D53F72BF7AE8300CA77B3 /* XCRemoteSwiftPackageReference "SnapKit" */,
				700FF7112BF85FA60014890A /* XCRemoteSwiftPackageReference "Kingfisher" */,
				700FF7632BF883BC0014890A /* XCRemoteSwiftPackageReference "RxSwift" */,
			);
			productRefGroup = 70B7182A2BF791CA0095B9AD /* Products */;
			projectDirPath = "";
			projectRoot = "";
			targets = (
				70B718432BF792710095B9AD /* App */,
				70B7185C2BF793010095B9AD /* Presentation */,
				70B7188F2BF7A04E0095B9AD /* DataLayer */,
				700D53D92BF7A82D00CA77B3 /* Domain */,
				700FF7182BF862CB0014890A /* MockData */,
			);
		};
/* End PBXProject section */

/* Begin PBXResourcesBuildPhase section */
		700D53D82BF7A82D00CA77B3 /* Resources */ = {
			isa = PBXResourcesBuildPhase;
			buildActionMask = 2147483647;
			files = (
			);
			runOnlyForDeploymentPostprocessing = 0;
		};
		700FF7172BF862CB0014890A /* Resources */ = {
			isa = PBXResourcesBuildPhase;
			buildActionMask = 2147483647;
			files = (
			);
			runOnlyForDeploymentPostprocessing = 0;
		};
		70B718422BF792710095B9AD /* Resources */ = {
			isa = PBXResourcesBuildPhase;
			buildActionMask = 2147483647;
			files = (
				70B718502BF792720095B9AD /* Assets.xcassets in Resources */,
				70B718532BF792720095B9AD /* Base in Resources */,
				70B7184E2BF792710095B9AD /* Base in Resources */,
			);
			runOnlyForDeploymentPostprocessing = 0;
		};
		70B7185B2BF793010095B9AD /* Resources */ = {
			isa = PBXResourcesBuildPhase;
			buildActionMask = 2147483647;
			files = (
			);
			runOnlyForDeploymentPostprocessing = 0;
		};
		70B7188E2BF7A04E0095B9AD /* Resources */ = {
			isa = PBXResourcesBuildPhase;
			buildActionMask = 2147483647;
			files = (
			);
			runOnlyForDeploymentPostprocessing = 0;
		};
/* End PBXResourcesBuildPhase section */

/* Begin PBXSourcesBuildPhase section */
		700D53D62BF7A82D00CA77B3 /* Sources */ = {
			isa = PBXSourcesBuildPhase;
			buildActionMask = 2147483647;
			files = (
				700FF76C2BF8A5100014890A /* LogoutUsecase.swift in Sources */,
				700D53EE2BF7A88C00CA77B3 /* AuthRepository.swift in Sources */,
				700FF7482BF872F70014890A /* SearchUserUsecase.swift in Sources */,
				700FF7452BF872B40014890A /* UserRepository.swift in Sources */,
				700FF7422BF872550014890A /* User.swift in Sources */,
			);
			runOnlyForDeploymentPostprocessing = 0;
		};
		700FF7152BF862CB0014890A /* Sources */ = {
			isa = PBXSourcesBuildPhase;
			buildActionMask = 2147483647;
			files = (
				700FF76F2BF8A5B20014890A /* UserRepositoryImpl.swift in Sources */,
				700FF7702BF8A5B70014890A /* Users.swift in Sources */,
				700FF76E2BF8A5AC0014890A /* AuthRepositoryImpl.swift in Sources */,
			);
			runOnlyForDeploymentPostprocessing = 0;
		};
		70B718402BF792710095B9AD /* Sources */ = {
			isa = PBXSourcesBuildPhase;
			buildActionMask = 2147483647;
			files = (
				70B7184B2BF792710095B9AD /* ViewController.swift in Sources */,
				70B718472BF792710095B9AD /* AppDelegate.swift in Sources */,
				70B718492BF792710095B9AD /* SceneDelegate.swift in Sources */,
			);
			runOnlyForDeploymentPostprocessing = 0;
		};
		70B718592BF793010095B9AD /* Sources */ = {
			isa = PBXSourcesBuildPhase;
			buildActionMask = 2147483647;
			files = (
				700D53F52BF7AA5E00CA77B3 /* AuthViewController.swift in Sources */,
				700FF7622BF87F810014890A /* SearchUserTextField.swift in Sources */,
				700FF75F2BF87A310014890A /* SearchUsersMetadata.swift in Sources */,
				700FF7692BF887750014890A /* SearchUserCell.swift in Sources */,
				700FF75B2BF8790F0014890A /* User.swift in Sources */,
				70B7186A2BF793100095B9AD /* SearchUserViewController.swift in Sources */,
				700FF75D2BF879B00014890A /* SearchUserViewModel.swift in Sources */,
			);
			runOnlyForDeploymentPostprocessing = 0;
		};
		70B7188C2BF7A04E0095B9AD /* Sources */ = {
			isa = PBXSourcesBuildPhase;
			buildActionMask = 2147483647;
			files = (
				70B718A32BF7A0EF0095B9AD /* AuthRepositoryImpl.swift in Sources */,
				70B7189E2BF7A0C40095B9AD /* MoyaGithub.swift in Sources */,
				700FF74E2BF875DF0014890A /* UserRepositoryImpl.swift in Sources */,
				700FF74B2BF8751F0014890A /* User.swift in Sources */,
				70B7189F2BF7A0CA0095B9AD /* MoyaGithubAPI.swift in Sources */,
				700FF73E2BF86BDD0014890A /* TokenKeychainManager.swift in Sources */,
				70B718A92BF7A3810095B9AD /* Token.swift in Sources */,
				700FF7502BF876070014890A /* SearchUserResponse.swift in Sources */,
			);
			runOnlyForDeploymentPostprocessing = 0;
		};
/* End PBXSourcesBuildPhase section */

/* Begin PBXTargetDependency section */
		700D53E92BF7A84C00CA77B3 /* PBXTargetDependency */ = {
			isa = PBXTargetDependency;
			target = 700D53D92BF7A82D00CA77B3 /* Domain */;
			targetProxy = 700D53E82BF7A84C00CA77B3 /* PBXContainerItemProxy */;
		};
		700FF7232BF862D40014890A /* PBXTargetDependency */ = {
			isa = PBXTargetDependency;
			target = 700D53D92BF7A82D00CA77B3 /* Domain */;
			targetProxy = 700FF7222BF862D40014890A /* PBXContainerItemProxy */;
		};
		700FF7372BF8639D0014890A /* PBXTargetDependency */ = {
			isa = PBXTargetDependency;
			target = 700FF7182BF862CB0014890A /* MockData */;
			targetProxy = 700FF7362BF8639D0014890A /* PBXContainerItemProxy */;
		};
		700FF73C2BF866000014890A /* PBXTargetDependency */ = {
			isa = PBXTargetDependency;
			target = 700D53D92BF7A82D00CA77B3 /* Domain */;
			targetProxy = 700FF73B2BF866000014890A /* PBXContainerItemProxy */;
		};
		70B718622BF793010095B9AD /* PBXTargetDependency */ = {
			isa = PBXTargetDependency;
			target = 70B7185C2BF793010095B9AD /* Presentation */;
			targetProxy = 70B718612BF793010095B9AD /* PBXContainerItemProxy */;
		};
		70B718952BF7A04E0095B9AD /* PBXTargetDependency */ = {
			isa = PBXTargetDependency;
			target = 70B7188F2BF7A04E0095B9AD /* DataLayer */;
			targetProxy = 70B718942BF7A04E0095B9AD /* PBXContainerItemProxy */;
		};
/* End PBXTargetDependency section */

/* Begin PBXVariantGroup section */
		70B7184C2BF792710095B9AD /* Main.storyboard */ = {
			isa = PBXVariantGroup;
			children = (
				70B7184D2BF792710095B9AD /* Base */,
			);
			name = Main.storyboard;
			sourceTree = "<group>";
		};
		70B718512BF792720095B9AD /* LaunchScreen.storyboard */ = {
			isa = PBXVariantGroup;
			children = (
				70B718522BF792720095B9AD /* Base */,
			);
			name = LaunchScreen.storyboard;
			sourceTree = "<group>";
		};
/* End PBXVariantGroup section */

/* Begin XCBuildConfiguration section */
		700D53DE2BF7A82D00CA77B3 /* Debug */ = {
			isa = XCBuildConfiguration;
			buildSettings = {
				BUILD_LIBRARY_FOR_DISTRIBUTION = YES;
				CLANG_ENABLE_MODULES = YES;
				CODE_SIGN_STYLE = Automatic;
				CURRENT_PROJECT_VERSION = 1;
				DEFINES_MODULE = YES;
				DEVELOPMENT_TEAM = YV58Q28W8Z;
				DYLIB_COMPATIBILITY_VERSION = 1;
				DYLIB_CURRENT_VERSION = 1;
				DYLIB_INSTALL_NAME_BASE = "@rpath";
				ENABLE_MODULE_VERIFIER = YES;
				GENERATE_INFOPLIST_FILE = YES;
				INFOPLIST_KEY_NSHumanReadableCopyright = "";
				INSTALL_PATH = "$(LOCAL_LIBRARY_DIR)/Frameworks";
				LD_RUNPATH_SEARCH_PATHS = (
					"$(inherited)",
					"@executable_path/Frameworks",
					"@loader_path/Frameworks",
				);
				MARKETING_VERSION = 1.0;
				MODULE_VERIFIER_SUPPORTED_LANGUAGES = "objective-c objective-c++";
				MODULE_VERIFIER_SUPPORTED_LANGUAGE_STANDARDS = "gnu17 gnu++20";
				PRODUCT_BUNDLE_IDENTIFIER = com.donggyu.searchapp.domain;
				PRODUCT_NAME = "$(TARGET_NAME:c99extidentifier)";
				SKIP_INSTALL = YES;
				SWIFT_EMIT_LOC_STRINGS = YES;
				SWIFT_INSTALL_OBJC_HEADER = NO;
				SWIFT_OPTIMIZATION_LEVEL = "-Onone";
				SWIFT_VERSION = 5.0;
				TARGETED_DEVICE_FAMILY = "1,2";
				VERSIONING_SYSTEM = "apple-generic";
				VERSION_INFO_PREFIX = "";
			};
			name = Debug;
		};
		700D53DF2BF7A82D00CA77B3 /* Release */ = {
			isa = XCBuildConfiguration;
			buildSettings = {
				BUILD_LIBRARY_FOR_DISTRIBUTION = YES;
				CLANG_ENABLE_MODULES = YES;
				CODE_SIGN_STYLE = Automatic;
				CURRENT_PROJECT_VERSION = 1;
				DEFINES_MODULE = YES;
				DEVELOPMENT_TEAM = YV58Q28W8Z;
				DYLIB_COMPATIBILITY_VERSION = 1;
				DYLIB_CURRENT_VERSION = 1;
				DYLIB_INSTALL_NAME_BASE = "@rpath";
				ENABLE_MODULE_VERIFIER = YES;
				GENERATE_INFOPLIST_FILE = YES;
				INFOPLIST_KEY_NSHumanReadableCopyright = "";
				INSTALL_PATH = "$(LOCAL_LIBRARY_DIR)/Frameworks";
				LD_RUNPATH_SEARCH_PATHS = (
					"$(inherited)",
					"@executable_path/Frameworks",
					"@loader_path/Frameworks",
				);
				MARKETING_VERSION = 1.0;
				MODULE_VERIFIER_SUPPORTED_LANGUAGES = "objective-c objective-c++";
				MODULE_VERIFIER_SUPPORTED_LANGUAGE_STANDARDS = "gnu17 gnu++20";
				PRODUCT_BUNDLE_IDENTIFIER = com.donggyu.searchapp.domain;
				PRODUCT_NAME = "$(TARGET_NAME:c99extidentifier)";
				SKIP_INSTALL = YES;
				SWIFT_EMIT_LOC_STRINGS = YES;
				SWIFT_INSTALL_OBJC_HEADER = NO;
				SWIFT_VERSION = 5.0;
				TARGETED_DEVICE_FAMILY = "1,2";
				VERSIONING_SYSTEM = "apple-generic";
				VERSION_INFO_PREFIX = "";
			};
			name = Release;
		};
		700FF71E2BF862CB0014890A /* Debug */ = {
			isa = XCBuildConfiguration;
			buildSettings = {
				BUILD_LIBRARY_FOR_DISTRIBUTION = YES;
				CLANG_ENABLE_MODULES = YES;
				CODE_SIGN_STYLE = Automatic;
				CURRENT_PROJECT_VERSION = 1;
				DEFINES_MODULE = YES;
				DEVELOPMENT_TEAM = YV58Q28W8Z;
				DYLIB_COMPATIBILITY_VERSION = 1;
				DYLIB_CURRENT_VERSION = 1;
				DYLIB_INSTALL_NAME_BASE = "@rpath";
				ENABLE_MODULE_VERIFIER = YES;
				GENERATE_INFOPLIST_FILE = YES;
				INFOPLIST_KEY_NSHumanReadableCopyright = "";
				INSTALL_PATH = "$(LOCAL_LIBRARY_DIR)/Frameworks";
				LD_RUNPATH_SEARCH_PATHS = (
					"$(inherited)",
					"@executable_path/Frameworks",
					"@loader_path/Frameworks",
				);
				MARKETING_VERSION = 1.0;
				MODULE_VERIFIER_SUPPORTED_LANGUAGES = "objective-c objective-c++";
				MODULE_VERIFIER_SUPPORTED_LANGUAGE_STANDARDS = "gnu17 gnu++20";
				PRODUCT_BUNDLE_IDENTIFIER = com.donggyu.MockData;
				PRODUCT_NAME = "$(TARGET_NAME:c99extidentifier)";
				SKIP_INSTALL = YES;
				SWIFT_EMIT_LOC_STRINGS = YES;
				SWIFT_INSTALL_OBJC_HEADER = NO;
				SWIFT_OPTIMIZATION_LEVEL = "-Onone";
				SWIFT_VERSION = 5.0;
				TARGETED_DEVICE_FAMILY = "1,2";
				VERSIONING_SYSTEM = "apple-generic";
				VERSION_INFO_PREFIX = "";
			};
			name = Debug;
		};
		700FF71F2BF862CB0014890A /* Release */ = {
			isa = XCBuildConfiguration;
			buildSettings = {
				BUILD_LIBRARY_FOR_DISTRIBUTION = YES;
				CLANG_ENABLE_MODULES = YES;
				CODE_SIGN_STYLE = Automatic;
				CURRENT_PROJECT_VERSION = 1;
				DEFINES_MODULE = YES;
				DEVELOPMENT_TEAM = YV58Q28W8Z;
				DYLIB_COMPATIBILITY_VERSION = 1;
				DYLIB_CURRENT_VERSION = 1;
				DYLIB_INSTALL_NAME_BASE = "@rpath";
				ENABLE_MODULE_VERIFIER = YES;
				GENERATE_INFOPLIST_FILE = YES;
				INFOPLIST_KEY_NSHumanReadableCopyright = "";
				INSTALL_PATH = "$(LOCAL_LIBRARY_DIR)/Frameworks";
				LD_RUNPATH_SEARCH_PATHS = (
					"$(inherited)",
					"@executable_path/Frameworks",
					"@loader_path/Frameworks",
				);
				MARKETING_VERSION = 1.0;
				MODULE_VERIFIER_SUPPORTED_LANGUAGES = "objective-c objective-c++";
				MODULE_VERIFIER_SUPPORTED_LANGUAGE_STANDARDS = "gnu17 gnu++20";
				PRODUCT_BUNDLE_IDENTIFIER = com.donggyu.MockData;
				PRODUCT_NAME = "$(TARGET_NAME:c99extidentifier)";
				SKIP_INSTALL = YES;
				SWIFT_EMIT_LOC_STRINGS = YES;
				SWIFT_INSTALL_OBJC_HEADER = NO;
				SWIFT_VERSION = 5.0;
				TARGETED_DEVICE_FAMILY = "1,2";
				VERSIONING_SYSTEM = "apple-generic";
				VERSION_INFO_PREFIX = "";
			};
			name = Release;
		};
		70B7183B2BF791CB0095B9AD /* Debug */ = {
			isa = XCBuildConfiguration;
			buildSettings = {
				ALWAYS_SEARCH_USER_PATHS = NO;
				ASSETCATALOG_COMPILER_GENERATE_SWIFT_ASSET_SYMBOL_EXTENSIONS = YES;
				BUILD_LIBRARY_FOR_DISTRIBUTION = YES;
				CLANG_ANALYZER_NONNULL = YES;
				CLANG_ANALYZER_NUMBER_OBJECT_CONVERSION = YES_AGGRESSIVE;
				CLANG_CXX_LANGUAGE_STANDARD = "gnu++20";
				CLANG_ENABLE_MODULES = YES;
				CLANG_ENABLE_OBJC_ARC = YES;
				CLANG_ENABLE_OBJC_WEAK = YES;
				CLANG_WARN_BLOCK_CAPTURE_AUTORELEASING = YES;
				CLANG_WARN_BOOL_CONVERSION = YES;
				CLANG_WARN_COMMA = YES;
				CLANG_WARN_CONSTANT_CONVERSION = YES;
				CLANG_WARN_DEPRECATED_OBJC_IMPLEMENTATIONS = YES;
				CLANG_WARN_DIRECT_OBJC_ISA_USAGE = YES_ERROR;
				CLANG_WARN_DOCUMENTATION_COMMENTS = YES;
				CLANG_WARN_EMPTY_BODY = YES;
				CLANG_WARN_ENUM_CONVERSION = YES;
				CLANG_WARN_INFINITE_RECURSION = YES;
				CLANG_WARN_INT_CONVERSION = YES;
				CLANG_WARN_NON_LITERAL_NULL_CONVERSION = YES;
				CLANG_WARN_OBJC_IMPLICIT_RETAIN_SELF = YES;
				CLANG_WARN_OBJC_LITERAL_CONVERSION = YES;
				CLANG_WARN_OBJC_ROOT_CLASS = YES_ERROR;
				CLANG_WARN_QUOTED_INCLUDE_IN_FRAMEWORK_HEADER = YES;
				CLANG_WARN_RANGE_LOOP_ANALYSIS = YES;
				CLANG_WARN_STRICT_PROTOTYPES = YES;
				CLANG_WARN_SUSPICIOUS_MOVE = YES;
				CLANG_WARN_UNGUARDED_AVAILABILITY = YES_AGGRESSIVE;
				CLANG_WARN_UNREACHABLE_CODE = YES;
				CLANG_WARN__DUPLICATE_METHOD_MATCH = YES;
				COPY_PHASE_STRIP = NO;
				DEBUG_INFORMATION_FORMAT = dwarf;
				ENABLE_STRICT_OBJC_MSGSEND = YES;
				ENABLE_TESTABILITY = YES;
				ENABLE_USER_SCRIPT_SANDBOXING = YES;
				GCC_C_LANGUAGE_STANDARD = gnu17;
				GCC_DYNAMIC_NO_PIC = NO;
				GCC_NO_COMMON_BLOCKS = YES;
				GCC_OPTIMIZATION_LEVEL = 0;
				GCC_PREPROCESSOR_DEFINITIONS = (
					"DEBUG=1",
					"$(inherited)",
				);
				GCC_WARN_64_TO_32_BIT_CONVERSION = YES;
				GCC_WARN_ABOUT_RETURN_TYPE = YES_ERROR;
				GCC_WARN_UNDECLARED_SELECTOR = YES;
				GCC_WARN_UNINITIALIZED_AUTOS = YES_AGGRESSIVE;
				GCC_WARN_UNUSED_FUNCTION = YES;
				GCC_WARN_UNUSED_VARIABLE = YES;
				IPHONEOS_DEPLOYMENT_TARGET = 17.4;
				LOCALIZATION_PREFERS_STRING_CATALOGS = YES;
				MTL_ENABLE_DEBUG_INFO = INCLUDE_SOURCE;
				MTL_FAST_MATH = YES;
				ONLY_ACTIVE_ARCH = YES;
				SDKROOT = iphoneos;
				SWIFT_ACTIVE_COMPILATION_CONDITIONS = "DEBUG $(inherited)";
				SWIFT_OPTIMIZATION_LEVEL = "-Onone";
			};
			name = Debug;
		};
		70B7183C2BF791CB0095B9AD /* Release */ = {
			isa = XCBuildConfiguration;
			buildSettings = {
				ALWAYS_SEARCH_USER_PATHS = NO;
				ASSETCATALOG_COMPILER_GENERATE_SWIFT_ASSET_SYMBOL_EXTENSIONS = YES;
				BUILD_LIBRARY_FOR_DISTRIBUTION = YES;
				CLANG_ANALYZER_NONNULL = YES;
				CLANG_ANALYZER_NUMBER_OBJECT_CONVERSION = YES_AGGRESSIVE;
				CLANG_CXX_LANGUAGE_STANDARD = "gnu++20";
				CLANG_ENABLE_MODULES = YES;
				CLANG_ENABLE_OBJC_ARC = YES;
				CLANG_ENABLE_OBJC_WEAK = YES;
				CLANG_WARN_BLOCK_CAPTURE_AUTORELEASING = YES;
				CLANG_WARN_BOOL_CONVERSION = YES;
				CLANG_WARN_COMMA = YES;
				CLANG_WARN_CONSTANT_CONVERSION = YES;
				CLANG_WARN_DEPRECATED_OBJC_IMPLEMENTATIONS = YES;
				CLANG_WARN_DIRECT_OBJC_ISA_USAGE = YES_ERROR;
				CLANG_WARN_DOCUMENTATION_COMMENTS = YES;
				CLANG_WARN_EMPTY_BODY = YES;
				CLANG_WARN_ENUM_CONVERSION = YES;
				CLANG_WARN_INFINITE_RECURSION = YES;
				CLANG_WARN_INT_CONVERSION = YES;
				CLANG_WARN_NON_LITERAL_NULL_CONVERSION = YES;
				CLANG_WARN_OBJC_IMPLICIT_RETAIN_SELF = YES;
				CLANG_WARN_OBJC_LITERAL_CONVERSION = YES;
				CLANG_WARN_OBJC_ROOT_CLASS = YES_ERROR;
				CLANG_WARN_QUOTED_INCLUDE_IN_FRAMEWORK_HEADER = YES;
				CLANG_WARN_RANGE_LOOP_ANALYSIS = YES;
				CLANG_WARN_STRICT_PROTOTYPES = YES;
				CLANG_WARN_SUSPICIOUS_MOVE = YES;
				CLANG_WARN_UNGUARDED_AVAILABILITY = YES_AGGRESSIVE;
				CLANG_WARN_UNREACHABLE_CODE = YES;
				CLANG_WARN__DUPLICATE_METHOD_MATCH = YES;
				COPY_PHASE_STRIP = NO;
				DEBUG_INFORMATION_FORMAT = "dwarf-with-dsym";
				ENABLE_NS_ASSERTIONS = NO;
				ENABLE_STRICT_OBJC_MSGSEND = YES;
				ENABLE_USER_SCRIPT_SANDBOXING = YES;
				GCC_C_LANGUAGE_STANDARD = gnu17;
				GCC_NO_COMMON_BLOCKS = YES;
				GCC_WARN_64_TO_32_BIT_CONVERSION = YES;
				GCC_WARN_ABOUT_RETURN_TYPE = YES_ERROR;
				GCC_WARN_UNDECLARED_SELECTOR = YES;
				GCC_WARN_UNINITIALIZED_AUTOS = YES_AGGRESSIVE;
				GCC_WARN_UNUSED_FUNCTION = YES;
				GCC_WARN_UNUSED_VARIABLE = YES;
				IPHONEOS_DEPLOYMENT_TARGET = 17.4;
				LOCALIZATION_PREFERS_STRING_CATALOGS = YES;
				MTL_ENABLE_DEBUG_INFO = NO;
				MTL_FAST_MATH = YES;
				SDKROOT = iphoneos;
				SWIFT_COMPILATION_MODE = wholemodule;
				VALIDATE_PRODUCT = YES;
			};
			name = Release;
		};
		70B718552BF792720095B9AD /* Debug */ = {
			isa = XCBuildConfiguration;
			buildSettings = {
				ALWAYS_EMBED_SWIFT_STANDARD_LIBRARIES = YES;
				ASSETCATALOG_COMPILER_APPICON_NAME = AppIcon;
				ASSETCATALOG_COMPILER_GLOBAL_ACCENT_COLOR_NAME = AccentColor;
				BUILD_LIBRARY_FOR_DISTRIBUTION = NO;
				CODE_SIGN_STYLE = Automatic;
				CURRENT_PROJECT_VERSION = 1;
				DEVELOPMENT_TEAM = YV58Q28W8Z;
				GENERATE_INFOPLIST_FILE = YES;
				INFOPLIST_FILE = App/Info.plist;
				INFOPLIST_KEY_UIApplicationSupportsIndirectInputEvents = YES;
				INFOPLIST_KEY_UILaunchStoryboardName = LaunchScreen;
				INFOPLIST_KEY_UIMainStoryboardFile = Main;
				INFOPLIST_KEY_UISupportedInterfaceOrientations_iPad = "UIInterfaceOrientationPortrait UIInterfaceOrientationPortraitUpsideDown UIInterfaceOrientationLandscapeLeft UIInterfaceOrientationLandscapeRight";
				INFOPLIST_KEY_UISupportedInterfaceOrientations_iPhone = "UIInterfaceOrientationPortrait UIInterfaceOrientationLandscapeLeft UIInterfaceOrientationLandscapeRight";
				LD_RUNPATH_SEARCH_PATHS = (
					"$(inherited)",
					"@executable_path/Frameworks",
				);
				MARKETING_VERSION = 1.0;
				PRODUCT_BUNDLE_IDENTIFIER = com.donggyu.searchapp;
				PRODUCT_NAME = "Search App";
				SWIFT_EMIT_LOC_STRINGS = YES;
				SWIFT_VERSION = 5.0;
				TARGETED_DEVICE_FAMILY = "1,2";
			};
			name = Debug;
		};
		70B718562BF792720095B9AD /* Release */ = {
			isa = XCBuildConfiguration;
			buildSettings = {
				ALWAYS_EMBED_SWIFT_STANDARD_LIBRARIES = YES;
				ASSETCATALOG_COMPILER_APPICON_NAME = AppIcon;
				ASSETCATALOG_COMPILER_GLOBAL_ACCENT_COLOR_NAME = AccentColor;
				BUILD_LIBRARY_FOR_DISTRIBUTION = NO;
				CODE_SIGN_STYLE = Automatic;
				CURRENT_PROJECT_VERSION = 1;
				DEVELOPMENT_TEAM = YV58Q28W8Z;
				GENERATE_INFOPLIST_FILE = YES;
				INFOPLIST_FILE = App/Info.plist;
				INFOPLIST_KEY_UIApplicationSupportsIndirectInputEvents = YES;
				INFOPLIST_KEY_UILaunchStoryboardName = LaunchScreen;
				INFOPLIST_KEY_UIMainStoryboardFile = Main;
				INFOPLIST_KEY_UISupportedInterfaceOrientations_iPad = "UIInterfaceOrientationPortrait UIInterfaceOrientationPortraitUpsideDown UIInterfaceOrientationLandscapeLeft UIInterfaceOrientationLandscapeRight";
				INFOPLIST_KEY_UISupportedInterfaceOrientations_iPhone = "UIInterfaceOrientationPortrait UIInterfaceOrientationLandscapeLeft UIInterfaceOrientationLandscapeRight";
				LD_RUNPATH_SEARCH_PATHS = (
					"$(inherited)",
					"@executable_path/Frameworks",
				);
				MARKETING_VERSION = 1.0;
				PRODUCT_BUNDLE_IDENTIFIER = com.donggyu.searchapp;
				PRODUCT_NAME = "Search App";
				SWIFT_EMIT_LOC_STRINGS = YES;
				SWIFT_VERSION = 5.0;
				TARGETED_DEVICE_FAMILY = "1,2";
			};
			name = Release;
		};
		70B718662BF793010095B9AD /* Debug */ = {
			isa = XCBuildConfiguration;
			buildSettings = {
				BUILD_LIBRARY_FOR_DISTRIBUTION = NO;
				CLANG_ENABLE_MODULES = YES;
				CODE_SIGN_STYLE = Automatic;
				CURRENT_PROJECT_VERSION = 1;
				DEFINES_MODULE = YES;
				DEVELOPMENT_TEAM = YV58Q28W8Z;
				DYLIB_COMPATIBILITY_VERSION = 1;
				DYLIB_CURRENT_VERSION = 1;
				DYLIB_INSTALL_NAME_BASE = "@rpath";
				ENABLE_MODULE_VERIFIER = YES;
				GENERATE_INFOPLIST_FILE = YES;
				INFOPLIST_KEY_NSHumanReadableCopyright = "";
				INSTALL_PATH = "$(LOCAL_LIBRARY_DIR)/Frameworks";
				LD_RUNPATH_SEARCH_PATHS = (
					"$(inherited)",
					"@executable_path/Frameworks",
					"@loader_path/Frameworks",
				);
				MARKETING_VERSION = 1.0;
				MODULE_VERIFIER_SUPPORTED_LANGUAGES = "objective-c objective-c++";
				MODULE_VERIFIER_SUPPORTED_LANGUAGE_STANDARDS = "gnu17 gnu++20";
				PRODUCT_BUNDLE_IDENTIFIER = com.donggyu.searchapp.presentaion;
				PRODUCT_NAME = "$(TARGET_NAME:c99extidentifier)";
				SKIP_INSTALL = YES;
				SWIFT_EMIT_LOC_STRINGS = YES;
				SWIFT_INSTALL_OBJC_HEADER = NO;
				SWIFT_OPTIMIZATION_LEVEL = "-Onone";
				SWIFT_VERSION = 5.0;
				TARGETED_DEVICE_FAMILY = "1,2";
				VERSIONING_SYSTEM = "apple-generic";
				VERSION_INFO_PREFIX = "";
			};
			name = Debug;
		};
		70B718672BF793010095B9AD /* Release */ = {
			isa = XCBuildConfiguration;
			buildSettings = {
				BUILD_LIBRARY_FOR_DISTRIBUTION = NO;
				CLANG_ENABLE_MODULES = YES;
				CODE_SIGN_STYLE = Automatic;
				CURRENT_PROJECT_VERSION = 1;
				DEFINES_MODULE = YES;
				DEVELOPMENT_TEAM = YV58Q28W8Z;
				DYLIB_COMPATIBILITY_VERSION = 1;
				DYLIB_CURRENT_VERSION = 1;
				DYLIB_INSTALL_NAME_BASE = "@rpath";
				ENABLE_MODULE_VERIFIER = YES;
				GENERATE_INFOPLIST_FILE = YES;
				INFOPLIST_KEY_NSHumanReadableCopyright = "";
				INSTALL_PATH = "$(LOCAL_LIBRARY_DIR)/Frameworks";
				LD_RUNPATH_SEARCH_PATHS = (
					"$(inherited)",
					"@executable_path/Frameworks",
					"@loader_path/Frameworks",
				);
				MARKETING_VERSION = 1.0;
				MODULE_VERIFIER_SUPPORTED_LANGUAGES = "objective-c objective-c++";
				MODULE_VERIFIER_SUPPORTED_LANGUAGE_STANDARDS = "gnu17 gnu++20";
				PRODUCT_BUNDLE_IDENTIFIER = com.donggyu.searchapp.presentaion;
				PRODUCT_NAME = "$(TARGET_NAME:c99extidentifier)";
				SKIP_INSTALL = YES;
				SWIFT_EMIT_LOC_STRINGS = YES;
				SWIFT_INSTALL_OBJC_HEADER = NO;
				SWIFT_VERSION = 5.0;
				TARGETED_DEVICE_FAMILY = "1,2";
				VERSIONING_SYSTEM = "apple-generic";
				VERSION_INFO_PREFIX = "";
			};
			name = Release;
		};
		70B718992BF7A04E0095B9AD /* Debug */ = {
			isa = XCBuildConfiguration;
			buildSettings = {
				BUILD_LIBRARY_FOR_DISTRIBUTION = NO;
				CODE_SIGN_STYLE = Automatic;
				CURRENT_PROJECT_VERSION = 1;
				DEFINES_MODULE = YES;
				DEVELOPMENT_TEAM = YV58Q28W8Z;
				DYLIB_COMPATIBILITY_VERSION = 1;
				DYLIB_CURRENT_VERSION = 1;
				DYLIB_INSTALL_NAME_BASE = "@rpath";
				ENABLE_MODULE_VERIFIER = YES;
				GENERATE_INFOPLIST_FILE = YES;
				INFOPLIST_KEY_NSHumanReadableCopyright = "";
				INSTALL_PATH = "$(LOCAL_LIBRARY_DIR)/Frameworks";
				LD_RUNPATH_SEARCH_PATHS = (
					"$(inherited)",
					"@executable_path/Frameworks",
					"@loader_path/Frameworks",
				);
				MARKETING_VERSION = 1.0;
				MODULE_VERIFIER_SUPPORTED_LANGUAGES = "objective-c objective-c++";
				MODULE_VERIFIER_SUPPORTED_LANGUAGE_STANDARDS = "gnu17 gnu++20";
				PRODUCT_BUNDLE_IDENTIFIER = com.donggyu.searchapp.datalayer;
				PRODUCT_NAME = "$(TARGET_NAME:c99extidentifier)";
				SKIP_INSTALL = YES;
				SWIFT_EMIT_LOC_STRINGS = YES;
				SWIFT_INSTALL_OBJC_HEADER = NO;
				SWIFT_VERSION = 5.0;
				TARGETED_DEVICE_FAMILY = "1,2";
				VERSIONING_SYSTEM = "apple-generic";
				VERSION_INFO_PREFIX = "";
			};
			name = Debug;
		};
		70B7189A2BF7A04E0095B9AD /* Release */ = {
			isa = XCBuildConfiguration;
			buildSettings = {
				BUILD_LIBRARY_FOR_DISTRIBUTION = NO;
				CODE_SIGN_STYLE = Automatic;
				CURRENT_PROJECT_VERSION = 1;
				DEFINES_MODULE = YES;
				DEVELOPMENT_TEAM = YV58Q28W8Z;
				DYLIB_COMPATIBILITY_VERSION = 1;
				DYLIB_CURRENT_VERSION = 1;
				DYLIB_INSTALL_NAME_BASE = "@rpath";
				ENABLE_MODULE_VERIFIER = YES;
				GENERATE_INFOPLIST_FILE = YES;
				INFOPLIST_KEY_NSHumanReadableCopyright = "";
				INSTALL_PATH = "$(LOCAL_LIBRARY_DIR)/Frameworks";
				LD_RUNPATH_SEARCH_PATHS = (
					"$(inherited)",
					"@executable_path/Frameworks",
					"@loader_path/Frameworks",
				);
				MARKETING_VERSION = 1.0;
				MODULE_VERIFIER_SUPPORTED_LANGUAGES = "objective-c objective-c++";
				MODULE_VERIFIER_SUPPORTED_LANGUAGE_STANDARDS = "gnu17 gnu++20";
				PRODUCT_BUNDLE_IDENTIFIER = com.donggyu.searchapp.datalayer;
				PRODUCT_NAME = "$(TARGET_NAME:c99extidentifier)";
				SKIP_INSTALL = YES;
				SWIFT_EMIT_LOC_STRINGS = YES;
				SWIFT_INSTALL_OBJC_HEADER = NO;
				SWIFT_VERSION = 5.0;
				TARGETED_DEVICE_FAMILY = "1,2";
				VERSIONING_SYSTEM = "apple-generic";
				VERSION_INFO_PREFIX = "";
			};
			name = Release;
		};
/* End XCBuildConfiguration section */

/* Begin XCConfigurationList section */
		700D53E02BF7A82D00CA77B3 /* Build configuration list for PBXNativeTarget "Domain" */ = {
			isa = XCConfigurationList;
			buildConfigurations = (
				700D53DE2BF7A82D00CA77B3 /* Debug */,
				700D53DF2BF7A82D00CA77B3 /* Release */,
			);
			defaultConfigurationIsVisible = 0;
			defaultConfigurationName = Release;
		};
		700FF71D2BF862CB0014890A /* Build configuration list for PBXNativeTarget "MockData" */ = {
			isa = XCConfigurationList;
			buildConfigurations = (
				700FF71E2BF862CB0014890A /* Debug */,
				700FF71F2BF862CB0014890A /* Release */,
			);
			defaultConfigurationIsVisible = 0;
			defaultConfigurationName = Release;
		};
		70B718242BF791CA0095B9AD /* Build configuration list for PBXProject "SearchUser" */ = {
			isa = XCConfigurationList;
			buildConfigurations = (
				70B7183B2BF791CB0095B9AD /* Debug */,
				70B7183C2BF791CB0095B9AD /* Release */,
			);
			defaultConfigurationIsVisible = 0;
			defaultConfigurationName = Release;
		};
		70B718572BF792720095B9AD /* Build configuration list for PBXNativeTarget "App" */ = {
			isa = XCConfigurationList;
			buildConfigurations = (
				70B718552BF792720095B9AD /* Debug */,
				70B718562BF792720095B9AD /* Release */,
			);
			defaultConfigurationIsVisible = 0;
			defaultConfigurationName = Release;
		};
		70B718652BF793010095B9AD /* Build configuration list for PBXNativeTarget "Presentation" */ = {
			isa = XCConfigurationList;
			buildConfigurations = (
				70B718662BF793010095B9AD /* Debug */,
				70B718672BF793010095B9AD /* Release */,
			);
			defaultConfigurationIsVisible = 0;
			defaultConfigurationName = Release;
		};
		70B718982BF7A04E0095B9AD /* Build configuration list for PBXNativeTarget "DataLayer" */ = {
			isa = XCConfigurationList;
			buildConfigurations = (
				70B718992BF7A04E0095B9AD /* Debug */,
				70B7189A2BF7A04E0095B9AD /* Release */,
			);
			defaultConfigurationIsVisible = 0;
			defaultConfigurationName = Release;
		};
/* End XCConfigurationList section */

/* Begin XCRemoteSwiftPackageReference section */
		700D53F72BF7AE8300CA77B3 /* XCRemoteSwiftPackageReference "SnapKit" */ = {
			isa = XCRemoteSwiftPackageReference;
			repositoryURL = "https://github.com/SnapKit/SnapKit";
			requirement = {
				kind = upToNextMajorVersion;
				minimumVersion = 5.7.1;
			};
		};
		700FF7112BF85FA60014890A /* XCRemoteSwiftPackageReference "Kingfisher" */ = {
			isa = XCRemoteSwiftPackageReference;
			repositoryURL = "https://github.com/onevcat/Kingfisher.git";
			requirement = {
				kind = upToNextMajorVersion;
				minimumVersion = 7.11.0;
			};
		};
		700FF7632BF883BC0014890A /* XCRemoteSwiftPackageReference "RxSwift" */ = {
			isa = XCRemoteSwiftPackageReference;
			repositoryURL = "https://github.com/ReactiveX/RxSwift";
			requirement = {
				kind = upToNextMajorVersion;
				minimumVersion = 6.7.1;
			};
		};
		70B7187C2BF794040095B9AD /* XCRemoteSwiftPackageReference "Then" */ = {
			isa = XCRemoteSwiftPackageReference;
			repositoryURL = "https://github.com/devxoul/Then.git";
			requirement = {
				kind = upToNextMajorVersion;
				minimumVersion = 3.0.0;
			};
		};
		70B7187F2BF7943D0095B9AD /* XCRemoteSwiftPackageReference "Moya" */ = {
			isa = XCRemoteSwiftPackageReference;
			repositoryURL = "https://github.com/Moya/Moya";
			requirement = {
				kind = upToNextMajorVersion;
				minimumVersion = 15.0.3;
			};
		};
/* End XCRemoteSwiftPackageReference section */

/* Begin XCSwiftPackageProductDependency section */
		700D53F82BF7AE8300CA77B3 /* SnapKit */ = {
			isa = XCSwiftPackageProductDependency;
			package = 700D53F72BF7AE8300CA77B3 /* XCRemoteSwiftPackageReference "SnapKit" */;
			productName = SnapKit;
		};
		700FF7122BF85FB20014890A /* Kingfisher */ = {
			isa = XCSwiftPackageProductDependency;
			package = 700FF7112BF85FA60014890A /* XCRemoteSwiftPackageReference "Kingfisher" */;
			productName = Kingfisher;
		};
		700FF7642BF883BC0014890A /* RxCocoa */ = {
			isa = XCSwiftPackageProductDependency;
			package = 700FF7632BF883BC0014890A /* XCRemoteSwiftPackageReference "RxSwift" */;
			productName = RxCocoa;
		};
		700FF7662BF884350014890A /* RxSwift */ = {
			isa = XCSwiftPackageProductDependency;
			package = 700FF7632BF883BC0014890A /* XCRemoteSwiftPackageReference "RxSwift" */;
			productName = RxSwift;
		};
		70B7187D2BF794050095B9AD /* Then */ = {
			isa = XCSwiftPackageProductDependency;
			package = 70B7187C2BF794040095B9AD /* XCRemoteSwiftPackageReference "Then" */;
			productName = Then;
		};
		70B718A52BF7A2DF0095B9AD /* Moya */ = {
			isa = XCSwiftPackageProductDependency;
			package = 70B7187F2BF7943D0095B9AD /* XCRemoteSwiftPackageReference "Moya" */;
			productName = Moya;
		};
/* End XCSwiftPackageProductDependency section */
	};
	rootObject = 70B718212BF791CA0095B9AD /* Project object */;
}
